
Microsoft Visual Studio Solution File, Format Version 12.00
# Visual Studio Version 17
VisualStudioVersion = 17.5.33530.505
MinimumVisualStudioVersion = 10.0.40219.1
Project("{2150E333-8FDC-42A3-9474-1A3956D46DE8}") = "Systems", "Systems", "{7B2E03DF-E5C5-4397-8558-0ABDB202473B}"
EndProject
Project("{2150E333-8FDC-42A3-9474-1A3956D46DE8}") = "Services", "Services", "{5080C462-37B2-4D7C-850D-7199ACF2015D}"
EndProject
Project("{2150E333-8FDC-42A3-9474-1A3956D46DE8}") = "Data", "Data", "{9E82A39C-9A67-4B03-BFC2-6FC219C72A83}"
EndProject
Project("{2150E333-8FDC-42A3-9474-1A3956D46DE8}") = "Shared", "Shared", "{B28582A2-0E14-4708-A252-EE7162AB498E}"
EndProject
Project("{2150E333-8FDC-42A3-9474-1A3956D46DE8}") = "Tests", "Tests", "{960488FB-2A12-4EB7-8035-694F5270DF74}"
EndProject
Project("{9A19103F-16F7-4668-BE54-9A1E7A4F7556}") = "VK_Users.Context", "Data\VK_Users.Context\VK_Users.Context.csproj", "{AFE5F730-F725-41BF-A8BE-4D6780027CB5}"
EndProject
Project("{9A19103F-16F7-4668-BE54-9A1E7A4F7556}") = "VK_Users.Context.Migrations", "Data\VK_Users.Context.Migrations\VK_Users.Context.Migrations.csproj", "{FE5044E3-9631-4191-97A9-A0857D74B041}"
EndProject
Project("{9A19103F-16F7-4668-BE54-9A1E7A4F7556}") = "VK_Users.Settings", "Shared\VK_Users.Settings\VK_Users.Settings.csproj", "{76F4B015-F63A-4E88-9A84-D3A095749B40}"
EndProject
Project("{9A19103F-16F7-4668-BE54-9A1E7A4F7556}") = "VK_Users.Context.Entities", "Data\VK_Users.Context.Entities\VK_Users.Context.Entities.csproj", "{AE162C11-D495-46F0-825B-06A65B68F7D1}"
EndProject
Project("{9A19103F-16F7-4668-BE54-9A1E7A4F7556}") = "VK_Users.Api", "Systems\VK_Users.Api\VK_Users.Api.csproj", "{2940B2E4-0AD4-4B0A-A733-0A56C6582776}"
EndProject
Project("{E53339B2-1760-4266-BCC7-CA923CBCF16C}") = "docker-compose", "docker-compose.dcproj", "{AC417798-179B-44AE-A12D-19FD79720921}"
EndProject
Project("{9A19103F-16F7-4668-BE54-9A1E7A4F7556}") = "VK_Users.UserService", "Services\VK_Users.UserService\VK_Users.UserService.csproj", "{120E83D8-A501-4FEF-8EE2-75DFE7194EF0}"
EndProject
Project("{FAE04EC0-301F-11D3-BF4B-00C04F79EFBC}") = "VK_Users.UsersRepository", "Data\VK_Users.UsersRepository\VK_Users.UsersRepository.csproj", "{9B85F285-205C-41C2-986C-4274AB060D4A}"
EndProject
Project("{FAE04EC0-301F-11D3-BF4B-00C04F79EFBC}") = "VK_Users.CacheService", "Services\VK_Users.CacheService\VK_Users.CacheService.csproj", "{267E8B64-6FE6-4A7B-AC63-CFFE33989D83}"
EndProject
Project("{FAE04EC0-301F-11D3-BF4B-00C04F79EFBC}") = "VK_Users.Common", "Shared\VK_Users.Common\VK_Users.Common.csproj", "{2EDC3153-ABE0-4862-9D21-8C137F807501}"
EndProject
Project("{FAE04EC0-301F-11D3-BF4B-00C04F79EFBC}") = "VK_Users.CacheServiceTest", "Tests\VK_Users.CacheServiceTest\VK_Users.CacheServiceTest.csproj", "{CFF4ACDF-DDA8-48CA-A341-1B7C3FF5361A}"
EndProject
Project("{FAE04EC0-301F-11D3-BF4B-00C04F79EFBC}") = "Tests.Common", "Tests\Tests.Common\Tests.Common.csproj", "{B409CD40-77D9-42EB-A626-D31EBDE152FF}"
EndProject
Global
	GlobalSection(SolutionConfigurationPlatforms) = preSolution
		Debug|Any CPU = Debug|Any CPU
		Release|Any CPU = Release|Any CPU
	EndGlobalSection
	GlobalSection(ProjectConfigurationPlatforms) = postSolution
		{AFE5F730-F725-41BF-A8BE-4D6780027CB5}.Debug|Any CPU.ActiveCfg = Debug|Any CPU
		{AFE5F730-F725-41BF-A8BE-4D6780027CB5}.Debug|Any CPU.Build.0 = Debug|Any CPU
		{AFE5F730-F725-41BF-A8BE-4D6780027CB5}.Release|Any CPU.ActiveCfg = Release|Any CPU
		{AFE5F730-F725-41BF-A8BE-4D6780027CB5}.Release|Any CPU.Build.0 = Release|Any CPU
		{FE5044E3-9631-4191-97A9-A0857D74B041}.Debug|Any CPU.ActiveCfg = Debug|Any CPU
		{FE5044E3-9631-4191-97A9-A0857D74B041}.Debug|Any CPU.Build.0 = Debug|Any CPU
		{FE5044E3-9631-4191-97A9-A0857D74B041}.Release|Any CPU.ActiveCfg = Release|Any CPU
		{FE5044E3-9631-4191-97A9-A0857D74B041}.Release|Any CPU.Build.0 = Release|Any CPU
		{76F4B015-F63A-4E88-9A84-D3A095749B40}.Debug|Any CPU.ActiveCfg = Debug|Any CPU
		{76F4B015-F63A-4E88-9A84-D3A095749B40}.Debug|Any CPU.Build.0 = Debug|Any CPU
		{76F4B015-F63A-4E88-9A84-D3A095749B40}.Release|Any CPU.ActiveCfg = Release|Any CPU
		{76F4B015-F63A-4E88-9A84-D3A095749B40}.Release|Any CPU.Build.0 = Release|Any CPU
		{AE162C11-D495-46F0-825B-06A65B68F7D1}.Debug|Any CPU.ActiveCfg = Debug|Any CPU
		{AE162C11-D495-46F0-825B-06A65B68F7D1}.Debug|Any CPU.Build.0 = Debug|Any CPU
		{AE162C11-D495-46F0-825B-06A65B68F7D1}.Release|Any CPU.ActiveCfg = Release|Any CPU
		{AE162C11-D495-46F0-825B-06A65B68F7D1}.Release|Any CPU.Build.0 = Release|Any CPU
		{2940B2E4-0AD4-4B0A-A733-0A56C6582776}.Debug|Any CPU.ActiveCfg = Debug|Any CPU
		{2940B2E4-0AD4-4B0A-A733-0A56C6582776}.Debug|Any CPU.Build.0 = Debug|Any CPU
		{2940B2E4-0AD4-4B0A-A733-0A56C6582776}.Release|Any CPU.ActiveCfg = Release|Any CPU
		{2940B2E4-0AD4-4B0A-A733-0A56C6582776}.Release|Any CPU.Build.0 = Release|Any CPU
		{AC417798-179B-44AE-A12D-19FD79720921}.Debug|Any CPU.ActiveCfg = Debug|Any CPU
		{AC417798-179B-44AE-A12D-19FD79720921}.Debug|Any CPU.Build.0 = Debug|Any CPU
		{AC417798-179B-44AE-A12D-19FD79720921}.Release|Any CPU.ActiveCfg = Release|Any CPU
		{AC417798-179B-44AE-A12D-19FD79720921}.Release|Any CPU.Build.0 = Release|Any CPU
		{120E83D8-A501-4FEF-8EE2-75DFE7194EF0}.Debug|Any CPU.ActiveCfg = Debug|Any CPU
		{120E83D8-A501-4FEF-8EE2-75DFE7194EF0}.Debug|Any CPU.Build.0 = Debug|Any CPU
		{120E83D8-A501-4FEF-8EE2-75DFE7194EF0}.Release|Any CPU.ActiveCfg = Release|Any CPU
		{120E83D8-A501-4FEF-8EE2-75DFE7194EF0}.Release|Any CPU.Build.0 = Release|Any CPU
		{9B85F285-205C-41C2-986C-4274AB060D4A}.Debug|Any CPU.ActiveCfg = Debug|Any CPU
		{9B85F285-205C-41C2-986C-4274AB060D4A}.Debug|Any CPU.Build.0 = Debug|Any CPU
		{9B85F285-205C-41C2-986C-4274AB060D4A}.Release|Any CPU.ActiveCfg = Release|Any CPU
		{9B85F285-205C-41C2-986C-4274AB060D4A}.Release|Any CPU.Build.0 = Release|Any CPU
		{267E8B64-6FE6-4A7B-AC63-CFFE33989D83}.Debug|Any CPU.ActiveCfg = Debug|Any CPU
		{267E8B64-6FE6-4A7B-AC63-CFFE33989D83}.Debug|Any CPU.Build.0 = Debug|Any CPU
		{267E8B64-6FE6-4A7B-AC63-CFFE33989D83}.Release|Any CPU.ActiveCfg = Release|Any CPU
		{267E8B64-6FE6-4A7B-AC63-CFFE33989D83}.Release|Any CPU.Build.0 = Release|Any CPU
		{2EDC3153-ABE0-4862-9D21-8C137F807501}.Debug|Any CPU.ActiveCfg = Debug|Any CPU
		{2EDC3153-ABE0-4862-9D21-8C137F807501}.Debug|Any CPU.Build.0 = Debug|Any CPU
		{2EDC3153-ABE0-4862-9D21-8C137F807501}.Release|Any CPU.ActiveCfg = Release|Any CPU
		{2EDC3153-ABE0-4862-9D21-8C137F807501}.Release|Any CPU.Build.0 = Release|Any CPU
		{CFF4ACDF-DDA8-48CA-A341-1B7C3FF5361A}.Debug|Any CPU.ActiveCfg = Debug|Any CPU
		{CFF4ACDF-DDA8-48CA-A341-1B7C3FF5361A}.Debug|Any CPU.Build.0 = Debug|Any CPU
		{CFF4ACDF-DDA8-48CA-A341-1B7C3FF5361A}.Release|Any CPU.ActiveCfg = Release|Any CPU
		{CFF4ACDF-DDA8-48CA-A341-1B7C3FF5361A}.Release|Any CPU.Build.0 = Release|Any CPU
		{B409CD40-77D9-42EB-A626-D31EBDE152FF}.Debug|Any CPU.ActiveCfg = Debug|Any CPU
		{B409CD40-77D9-42EB-A626-D31EBDE152FF}.Debug|Any CPU.Build.0 = Debug|Any CPU
		{B409CD40-77D9-42EB-A626-D31EBDE152FF}.Release|Any CPU.ActiveCfg = Release|Any CPU
		{B409CD40-77D9-42EB-A626-D31EBDE152FF}.Release|Any CPU.Build.0 = Release|Any CPU
	EndGlobalSection
	GlobalSection(SolutionProperties) = preSolution
		HideSolutionNode = FALSE
	EndGlobalSection
	GlobalSection(NestedProjects) = preSolution
		{AFE5F730-F725-41BF-A8BE-4D6780027CB5} = {9E82A39C-9A67-4B03-BFC2-6FC219C72A83}
		{FE5044E3-9631-4191-97A9-A0857D74B041} = {9E82A39C-9A67-4B03-BFC2-6FC219C72A83}
		{76F4B015-F63A-4E88-9A84-D3A095749B40} = {B28582A2-0E14-4708-A252-EE7162AB498E}
		{AE162C11-D495-46F0-825B-06A65B68F7D1} = {9E82A39C-9A67-4B03-BFC2-6FC219C72A83}
		{2940B2E4-0AD4-4B0A-A733-0A56C6582776} = {7B2E03DF-E5C5-4397-8558-0ABDB202473B}
		{120E83D8-A501-4FEF-8EE2-75DFE7194EF0} = {5080C462-37B2-4D7C-850D-7199ACF2015D}
		{9B85F285-205C-41C2-986C-4274AB060D4A} = {9E82A39C-9A67-4B03-BFC2-6FC219C72A83}
		{267E8B64-6FE6-4A7B-AC63-CFFE33989D83} = {5080C462-37B2-4D7C-850D-7199ACF2015D}
		{2EDC3153-ABE0-4862-9D21-8C137F807501} = {B28582A2-0E14-4708-A252-EE7162AB498E}
		{CFF4ACDF-DDA8-48CA-A341-1B7C3FF5361A} = {960488FB-2A12-4EB7-8035-694F5270DF74}
		{B409CD40-77D9-42EB-A626-D31EBDE152FF} = {960488FB-2A12-4EB7-8035-694F5270DF74}
	EndGlobalSection
	GlobalSection(ExtensibilityGlobals) = postSolution
		SolutionGuid = {1A6B02E5-CC39-42E4-9B4D-12D70AD6C870}
	EndGlobalSection
EndGlobal
